<?xml version="1.0" encoding="UTF-8" standalone="yes" ?>
<CodeBlocks_project_file>
	<FileVersion major="1" minor="6" />
	<Project>
		<Option title="codeblocks" />
		<Option execution_dir="../../buzzer_morse_code" />
		<Option pch_mode="2" />
		<Option compiler="null" />
		<Build>
			<Target title="Debug">
				<Option output="bin/Debug/codeblocks" prefix_auto="1" extension_auto="1" />
				<Option object_output="obj/Debug/" />
				<Option type="1" />
				<Option compiler="null" />
				<Compiler>
					<Add directory="../lib/cmsis/inc" />
					<Add directory="../lib/std_periph/inc" />
				</Compiler>
			</Target>
			<Target title="Release">
				<Option output="bin/Release/codeblocks" prefix_auto="1" extension_auto="1" />
				<Option object_output="obj/Release/" />
				<Option type="1" />
				<Option compiler="null" />
				<Compiler>
					<Add directory="../lib/cmsis/inc" />
					<Add directory="../lib/std_periph/inc" />
				</Compiler>
			</Target>
		</Build>
		<Compiler>
			<Add option="-iquote ../lib/std_periph/inc" />
			<Add option="-DSTM32F401xx" />
			<Add option="-DHSE_VALUE=8000000" />
			<Add option="-DUSE_STDPERIPH_DRIVER" />
			<Add directory="../lib/std_periph/src" />
			<Add directory="../lib/std_periph/inc" />
			<Add directory="../lib/cmsis/inc" />
		</Compiler>
		<Unit filename="../Makefile" />
		<Unit filename="../README" />
		<Unit filename="../bits.h" />
		<Unit filename="../fifo.c">
			<Option compilerVar="CC" />
		</Unit>
		<Unit filename="../fifo.h" />
		<Unit filename="../ihm07_driver.c">
			<Option compilerVar="CC" />
		</Unit>
		<Unit filename="../ihm07_driver.h" />
		<Unit filename="../ihm07_driver_pins.h" />
		<Unit filename="../lib/cmsis/inc/arm_common_tables.h" />
		<Unit filename="../lib/cmsis/inc/arm_const_structs.h" />
		<Unit filename="../lib/cmsis/inc/arm_math.h" />
		<Unit filename="../lib/cmsis/inc/core_cm0.h" />
		<Unit filename="../lib/cmsis/inc/core_cm0plus.h" />
		<Unit filename="../lib/cmsis/inc/core_cm3.h" />
		<Unit filename="../lib/cmsis/inc/core_cm4.h" />
		<Unit filename="../lib/cmsis/inc/core_cm7.h" />
		<Unit filename="../lib/cmsis/inc/core_cmFunc.h" />
		<Unit filename="../lib/cmsis/inc/core_cmInstr.h" />
		<Unit filename="../lib/cmsis/inc/core_cmSimd.h" />
		<Unit filename="../lib/cmsis/inc/core_sc000.h" />
		<Unit filename="../lib/cmsis/inc/core_sc300.h" />
		<Unit filename="../lib/std_periph/inc/misc.h" />
		<Unit filename="../lib/std_periph/inc/stm32f4xx_adc.h" />
		<Unit filename="../lib/std_periph/inc/stm32f4xx_can.h" />
		<Unit filename="../lib/std_periph/inc/stm32f4xx_cec.h" />
		<Unit filename="../lib/std_periph/inc/stm32f4xx_crc.h" />
		<Unit filename="../lib/std_periph/inc/stm32f4xx_cryp.h" />
		<Unit filename="../lib/std_periph/inc/stm32f4xx_dac.h" />
		<Unit filename="../lib/std_periph/inc/stm32f4xx_dbgmcu.h" />
		<Unit filename="../lib/std_periph/inc/stm32f4xx_dcmi.h" />
		<Unit filename="../lib/std_periph/inc/stm32f4xx_dfsdm.h" />
		<Unit filename="../lib/std_periph/inc/stm32f4xx_dma.h" />
		<Unit filename="../lib/std_periph/inc/stm32f4xx_dma2d.h" />
		<Unit filename="../lib/std_periph/inc/stm32f4xx_dsi.h" />
		<Unit filename="../lib/std_periph/inc/stm32f4xx_exti.h" />
		<Unit filename="../lib/std_periph/inc/stm32f4xx_flash.h" />
		<Unit filename="../lib/std_periph/inc/stm32f4xx_flash_ramfunc.h" />
		<Unit filename="../lib/std_periph/inc/stm32f4xx_fmc.h" />
		<Unit filename="../lib/std_periph/inc/stm32f4xx_fmpi2c.h" />
		<Unit filename="../lib/std_periph/inc/stm32f4xx_fsmc.h" />
		<Unit filename="../lib/std_periph/inc/stm32f4xx_gpio.h" />
		<Unit filename="../lib/std_periph/inc/stm32f4xx_hash.h" />
		<Unit filename="../lib/std_periph/inc/stm32f4xx_i2c.h" />
		<Unit filename="../lib/std_periph/inc/stm32f4xx_iwdg.h" />
		<Unit filename="../lib/std_periph/inc/stm32f4xx_lptim.h" />
		<Unit filename="../lib/std_periph/inc/stm32f4xx_ltdc.h" />
		<Unit filename="../lib/std_periph/inc/stm32f4xx_pwr.h" />
		<Unit filename="../lib/std_periph/inc/stm32f4xx_qspi.h" />
		<Unit filename="../lib/std_periph/inc/stm32f4xx_rcc.h" />
		<Unit filename="../lib/std_periph/inc/stm32f4xx_rng.h" />
		<Unit filename="../lib/std_periph/inc/stm32f4xx_rtc.h" />
		<Unit filename="../lib/std_periph/inc/stm32f4xx_sai.h" />
		<Unit filename="../lib/std_periph/inc/stm32f4xx_sdio.h" />
		<Unit filename="../lib/std_periph/inc/stm32f4xx_spdifrx.h" />
		<Unit filename="../lib/std_periph/inc/stm32f4xx_spi.h" />
		<Unit filename="../lib/std_periph/inc/stm32f4xx_syscfg.h" />
		<Unit filename="../lib/std_periph/inc/stm32f4xx_tim.h" />
		<Unit filename="../lib/std_periph/inc/stm32f4xx_usart.h" />
		<Unit filename="../lib/std_periph/inc/stm32f4xx_wwdg.h" />
		<Unit filename="../lib/std_periph/src/misc.c">
			<Option compilerVar="CC" />
		</Unit>
		<Unit filename="../lib/std_periph/src/stm32f4xx_adc.c">
			<Option compilerVar="CC" />
		</Unit>
		<Unit filename="../lib/std_periph/src/stm32f4xx_can.c">
			<Option compilerVar="CC" />
		</Unit>
		<Unit filename="../lib/std_periph/src/stm32f4xx_cec.c">
			<Option compilerVar="CC" />
		</Unit>
		<Unit filename="../lib/std_periph/src/stm32f4xx_crc.c">
			<Option compilerVar="CC" />
		</Unit>
		<Unit filename="../lib/std_periph/src/stm32f4xx_cryp.c">
			<Option compilerVar="CC" />
		</Unit>
		<Unit filename="../lib/std_periph/src/stm32f4xx_cryp_aes.c">
			<Option compilerVar="CC" />
		</Unit>
		<Unit filename="../lib/std_periph/src/stm32f4xx_cryp_des.c">
			<Option compilerVar="CC" />
		</Unit>
		<Unit filename="../lib/std_periph/src/stm32f4xx_cryp_tdes.c">
			<Option compilerVar="CC" />
		</Unit>
		<Unit filename="../lib/std_periph/src/stm32f4xx_dac.c">
			<Option compilerVar="CC" />
		</Unit>
		<Unit filename="../lib/std_periph/src/stm32f4xx_dbgmcu.c">
			<Option compilerVar="CC" />
		</Unit>
		<Unit filename="../lib/std_periph/src/stm32f4xx_dcmi.c">
			<Option compilerVar="CC" />
		</Unit>
		<Unit filename="../lib/std_periph/src/stm32f4xx_dfsdm.c">
			<Option compilerVar="CC" />
		</Unit>
		<Unit filename="../lib/std_periph/src/stm32f4xx_dma.c">
			<Option compilerVar="CC" />
		</Unit>
		<Unit filename="../lib/std_periph/src/stm32f4xx_dma2d.c">
			<Option compilerVar="CC" />
		</Unit>
		<Unit filename="../lib/std_periph/src/stm32f4xx_dsi.c">
			<Option compilerVar="CC" />
		</Unit>
		<Unit filename="../lib/std_periph/src/stm32f4xx_exti.c">
			<Option compilerVar="CC" />
		</Unit>
		<Unit filename="../lib/std_periph/src/stm32f4xx_flash.c">
			<Option compilerVar="CC" />
		</Unit>
		<Unit filename="../lib/std_periph/src/stm32f4xx_flash_ramfunc.c">
			<Option compilerVar="CC" />
		</Unit>
		<Unit filename="../lib/std_periph/src/stm32f4xx_fmc.c">
			<Option compilerVar="CC" />
		</Unit>
		<Unit filename="../lib/std_periph/src/stm32f4xx_fmpi2c.c">
			<Option compilerVar="CC" />
		</Unit>
		<Unit filename="../lib/std_periph/src/stm32f4xx_fsmc.c">
			<Option compilerVar="CC" />
		</Unit>
		<Unit filename="../lib/std_periph/src/stm32f4xx_gpio.c">
			<Option compilerVar="CC" />
		</Unit>
		<Unit filename="../lib/std_periph/src/stm32f4xx_hash.c">
			<Option compilerVar="CC" />
		</Unit>
		<Unit filename="../lib/std_periph/src/stm32f4xx_hash_md5.c">
			<Option compilerVar="CC" />
		</Unit>
		<Unit filename="../lib/std_periph/src/stm32f4xx_hash_sha1.c">
			<Option compilerVar="CC" />
		</Unit>
		<Unit filename="../lib/std_periph/src/stm32f4xx_i2c.c">
			<Option compilerVar="CC" />
		</Unit>
		<Unit filename="../lib/std_periph/src/stm32f4xx_iwdg.c">
			<Option compilerVar="CC" />
		</Unit>
		<Unit filename="../lib/std_periph/src/stm32f4xx_lptim.c">
			<Option compilerVar="CC" />
		</Unit>
		<Unit filename="../lib/std_periph/src/stm32f4xx_ltdc.c">
			<Option compilerVar="CC" />
		</Unit>
		<Unit filename="../lib/std_periph/src/stm32f4xx_pwr.c">
			<Option compilerVar="CC" />
		</Unit>
		<Unit filename="../lib/std_periph/src/stm32f4xx_qspi.c">
			<Option compilerVar="CC" />
		</Unit>
		<Unit filename="../lib/std_periph/src/stm32f4xx_rcc.c">
			<Option compilerVar="CC" />
		</Unit>
		<Unit filename="../lib/std_periph/src/stm32f4xx_rng.c">
			<Option compilerVar="CC" />
		</Unit>
		<Unit filename="../lib/std_periph/src/stm32f4xx_rtc.c">
			<Option compilerVar="CC" />
		</Unit>
		<Unit filename="../lib/std_periph/src/stm32f4xx_sai.c">
			<Option compilerVar="CC" />
		</Unit>
		<Unit filename="../lib/std_periph/src/stm32f4xx_sdio.c">
			<Option compilerVar="CC" />
		</Unit>
		<Unit filename="../lib/std_periph/src/stm32f4xx_spdifrx.c">
			<Option compilerVar="CC" />
		</Unit>
		<Unit filename="../lib/std_periph/src/stm32f4xx_spi.c">
			<Option compilerVar="CC" />
		</Unit>
		<Unit filename="../lib/std_periph/src/stm32f4xx_syscfg.c">
			<Option compilerVar="CC" />
		</Unit>
		<Unit filename="../lib/std_periph/src/stm32f4xx_tim.c">
			<Option compilerVar="CC" />
		</Unit>
		<Unit filename="../lib/std_periph/src/stm32f4xx_usart.c">
			<Option compilerVar="CC" />
		</Unit>
		<Unit filename="../lib/std_periph/src/stm32f4xx_wwdg.c">
			<Option compilerVar="CC" />
		</Unit>
		<Unit filename="../libopencm3_stm32f4.ld" />
		<Unit filename="../main.c">
			<Option compilerVar="CC" />
		</Unit>
		<Unit filename="../main.h" />
		<Unit filename="../serial.c">
			<Option compilerVar="CC" />
		</Unit>
		<Unit filename="../serial.h" />
		<Unit filename="../serial_driver.c">
			<Option compilerVar="CC" />
		</Unit>
		<Unit filename="../serial_driver.h" />
		<Unit filename="../startup_stm32f401xx.s" />
		<Unit filename="../stm32f401re.ld" />
		<Unit filename="../stm32f4xx.h" />
		<Unit filename="../stm32f4xx_conf.h" />
		<Unit filename="../stm32f4xx_it.c">
			<Option compilerVar="CC" />
		</Unit>
		<Unit filename="../stm32f4xx_it.h" />
		<Unit filename="../system_stm32f4xx.c">
			<Option compilerVar="CC" />
		</Unit>
		<Unit filename="../system_stm32f4xx.h" />
		<Unit filename="../time.h" />
		<Extensions>
			<code_completion />
			<debugger />
		</Extensions>
	</Project>
</CodeBlocks_project_file>
